
Microsoft Visual Studio Solution File, Format Version 12.00
# Visual Studio Version 17
VisualStudioVersion = 17.7.34221.43
MinimumVisualStudioVersion = 10.0.40219.1
Project("{888888A0-9F3D-457C-B088-3A5042F75D52}") = "Chess board rice exponential visualization", "Chess board rice exponential visualization\Chess board rice exponential visualization.pyproj", "{36A7E39F-29F7-47C0-B308-577E2217A7D5}"
EndProject
Global
	GlobalSection(SolutionConfigurationPlatforms) = preSolution
		Debug|Any CPU = Debug|Any CPU
		Release|Any CPU = Release|Any CPU
	EndGlobalSection
	GlobalSection(ProjectConfigurationPlatforms) = postSolution
		{36A7E39F-29F7-47C0-B308-577E2217A7D5}.Debug|Any CPU.ActiveCfg = Debug|Any CPU
		{36A7E39F-29F7-47C0-B308-577E2217A7D5}.Release|Any CPU.ActiveCfg = Release|Any CPU
	EndGlobalSection
	GlobalSection(SolutionProperties) = preSolution
		HideSolutionNode = FALSE
	EndGlobalSection
	GlobalSection(ExtensibilityGlobals) = postSolution
		SolutionGuid = {903790F0-61D9-428B-A200-BF405890098E}
	EndGlobalSection
EndGlobal
